
Microsoft Visual Studio Solution File, Format Version 12.00
# Visual Studio Version 17
VisualStudioVersion = 17.3.32804.467
MinimumVisualStudioVersion = 10.0.40219.1
Project("{2150E333-8FDC-42A3-9474-1A3956D46DE8}") = "Solution Items", "Solution Items", "{A72557B3-75E6-4DBF-8C7F-3E84F52126DE}"
	ProjectSection(SolutionItems) = preProject
		.editorconfig = .editorconfig
		.config\dotnet-tools.json = .config\dotnet-tools.json
		..\README.md = ..\README.md
	EndProjectSection
EndProject
Project("{2150E333-8FDC-42A3-9474-1A3956D46DE8}") = "Pipelines", "Pipelines", "{47355F4D-A9F8-4375-89A3-8A4DF43E1A74}"
	ProjectSection(SolutionItems) = preProject
		..\.github\workflows\new-release.yml = ..\.github\workflows\new-release.yml
		..\.github\workflows\new-tag.yml = ..\.github\workflows\new-tag.yml
		..\.github\workflows\run-tests.yml = ..\.github\workflows\run-tests.yml
	EndProjectSection
EndProject
Project("{9A19103F-16F7-4668-BE54-9A1E7A4F7556}") = "EnterpriseStartup", "EnterpriseStartup\EnterpriseStartup.csproj", "{29622D65-2338-410A-859B-6527B68A204D}"
EndProject
Project("{9A19103F-16F7-4668-BE54-9A1E7A4F7556}") = "EnterpriseStartup.Messaging", "EnterpriseStartup.Messaging\EnterpriseStartup.Messaging.csproj", "{F1AEA7DA-BC9B-42B9-979D-7CD2DA6D37E6}"
EndProject
Project("{9A19103F-16F7-4668-BE54-9A1E7A4F7556}") = "EnterpriseStartup.Tests", "EnterpriseStartup.Tests\EnterpriseStartup.Tests.csproj", "{E34D9160-DC89-402A-B76D-E638C79B1078}"
EndProject
Project("{9A19103F-16F7-4668-BE54-9A1E7A4F7556}") = "EnterpriseStartup.Messaging.Tests", "EnterpriseStartup.Messaging.Tests\EnterpriseStartup.Messaging.Tests.csproj", "{346DA46F-8A21-437E-9EBD-8E5FF4C81FCF}"
EndProject
Project("{FAE04EC0-301F-11D3-BF4B-00C04F79EFBC}") = "EnterpriseStartup.Blobs", "EnterpriseStartup.Blobs\EnterpriseStartup.Blobs.csproj", "{09E51B90-9A46-4826-9DDA-FABC94F07BC1}"
EndProject
Project("{FAE04EC0-301F-11D3-BF4B-00C04F79EFBC}") = "EnterpriseStartup.Utils", "EnterpriseStartup.Utils\EnterpriseStartup.Utils.csproj", "{8A134A7A-6AFE-4A51-BF17-F07DE776365B}"
EndProject
Project("{2150E333-8FDC-42A3-9474-1A3956D46DE8}") = "Tests", "Tests", "{0BE73A52-8019-4119-BD40-5E1B749C9A7B}"
EndProject
Project("{FAE04EC0-301F-11D3-BF4B-00C04F79EFBC}") = "EnterpriseStartup.Utils.Tests", "EnterpriseStartup.Utils.Tests\EnterpriseStartup.Utils.Tests.csproj", "{D26700FB-B865-4CF4-9C91-B435D5D6473D}"
EndProject
Project("{FAE04EC0-301F-11D3-BF4B-00C04F79EFBC}") = "EnterpriseStartup.Blobs.Tests", "EnterpriseStartup.Blobs.Tests\EnterpriseStartup.Blobs.Tests.csproj", "{9B271F42-C923-4167-921E-8A2BAC909955}"
EndProject
Global
	GlobalSection(SolutionConfigurationPlatforms) = preSolution
		Debug|Any CPU = Debug|Any CPU
		Release|Any CPU = Release|Any CPU
	EndGlobalSection
	GlobalSection(ProjectConfigurationPlatforms) = postSolution
		{29622D65-2338-410A-859B-6527B68A204D}.Debug|Any CPU.ActiveCfg = Debug|Any CPU
		{29622D65-2338-410A-859B-6527B68A204D}.Debug|Any CPU.Build.0 = Debug|Any CPU
		{29622D65-2338-410A-859B-6527B68A204D}.Release|Any CPU.ActiveCfg = Release|Any CPU
		{29622D65-2338-410A-859B-6527B68A204D}.Release|Any CPU.Build.0 = Release|Any CPU
		{F1AEA7DA-BC9B-42B9-979D-7CD2DA6D37E6}.Debug|Any CPU.ActiveCfg = Debug|Any CPU
		{F1AEA7DA-BC9B-42B9-979D-7CD2DA6D37E6}.Debug|Any CPU.Build.0 = Debug|Any CPU
		{F1AEA7DA-BC9B-42B9-979D-7CD2DA6D37E6}.Release|Any CPU.ActiveCfg = Release|Any CPU
		{F1AEA7DA-BC9B-42B9-979D-7CD2DA6D37E6}.Release|Any CPU.Build.0 = Release|Any CPU
		{E34D9160-DC89-402A-B76D-E638C79B1078}.Debug|Any CPU.ActiveCfg = Debug|Any CPU
		{E34D9160-DC89-402A-B76D-E638C79B1078}.Debug|Any CPU.Build.0 = Debug|Any CPU
		{E34D9160-DC89-402A-B76D-E638C79B1078}.Release|Any CPU.ActiveCfg = Release|Any CPU
		{E34D9160-DC89-402A-B76D-E638C79B1078}.Release|Any CPU.Build.0 = Release|Any CPU
		{346DA46F-8A21-437E-9EBD-8E5FF4C81FCF}.Debug|Any CPU.ActiveCfg = Debug|Any CPU
		{346DA46F-8A21-437E-9EBD-8E5FF4C81FCF}.Debug|Any CPU.Build.0 = Debug|Any CPU
		{346DA46F-8A21-437E-9EBD-8E5FF4C81FCF}.Release|Any CPU.ActiveCfg = Release|Any CPU
		{346DA46F-8A21-437E-9EBD-8E5FF4C81FCF}.Release|Any CPU.Build.0 = Release|Any CPU
		{09E51B90-9A46-4826-9DDA-FABC94F07BC1}.Debug|Any CPU.ActiveCfg = Debug|Any CPU
		{09E51B90-9A46-4826-9DDA-FABC94F07BC1}.Debug|Any CPU.Build.0 = Debug|Any CPU
		{09E51B90-9A46-4826-9DDA-FABC94F07BC1}.Release|Any CPU.ActiveCfg = Release|Any CPU
		{09E51B90-9A46-4826-9DDA-FABC94F07BC1}.Release|Any CPU.Build.0 = Release|Any CPU
		{8A134A7A-6AFE-4A51-BF17-F07DE776365B}.Debug|Any CPU.ActiveCfg = Debug|Any CPU
		{8A134A7A-6AFE-4A51-BF17-F07DE776365B}.Debug|Any CPU.Build.0 = Debug|Any CPU
		{8A134A7A-6AFE-4A51-BF17-F07DE776365B}.Release|Any CPU.ActiveCfg = Release|Any CPU
		{8A134A7A-6AFE-4A51-BF17-F07DE776365B}.Release|Any CPU.Build.0 = Release|Any CPU
		{D26700FB-B865-4CF4-9C91-B435D5D6473D}.Debug|Any CPU.ActiveCfg = Debug|Any CPU
		{D26700FB-B865-4CF4-9C91-B435D5D6473D}.Debug|Any CPU.Build.0 = Debug|Any CPU
		{D26700FB-B865-4CF4-9C91-B435D5D6473D}.Release|Any CPU.ActiveCfg = Release|Any CPU
		{D26700FB-B865-4CF4-9C91-B435D5D6473D}.Release|Any CPU.Build.0 = Release|Any CPU
		{9B271F42-C923-4167-921E-8A2BAC909955}.Debug|Any CPU.ActiveCfg = Debug|Any CPU
		{9B271F42-C923-4167-921E-8A2BAC909955}.Debug|Any CPU.Build.0 = Debug|Any CPU
		{9B271F42-C923-4167-921E-8A2BAC909955}.Release|Any CPU.ActiveCfg = Release|Any CPU
		{9B271F42-C923-4167-921E-8A2BAC909955}.Release|Any CPU.Build.0 = Release|Any CPU
	EndGlobalSection
	GlobalSection(SolutionProperties) = preSolution
		HideSolutionNode = FALSE
	EndGlobalSection
	GlobalSection(NestedProjects) = preSolution
		{47355F4D-A9F8-4375-89A3-8A4DF43E1A74} = {A72557B3-75E6-4DBF-8C7F-3E84F52126DE}
		{E34D9160-DC89-402A-B76D-E638C79B1078} = {0BE73A52-8019-4119-BD40-5E1B749C9A7B}
		{346DA46F-8A21-437E-9EBD-8E5FF4C81FCF} = {0BE73A52-8019-4119-BD40-5E1B749C9A7B}
		{D26700FB-B865-4CF4-9C91-B435D5D6473D} = {0BE73A52-8019-4119-BD40-5E1B749C9A7B}
		{9B271F42-C923-4167-921E-8A2BAC909955} = {0BE73A52-8019-4119-BD40-5E1B749C9A7B}
	EndGlobalSection
	GlobalSection(ExtensibilityGlobals) = postSolution
		SolutionGuid = {C62B4552-8822-4CC1-AAFD-26FB5EA2C21A}
	EndGlobalSection
EndGlobal
